
Microsoft Visual Studio Solution File, Format Version 12.00
# Visual Studio Version 17
VisualStudioVersion = 17.9.34607.119
MinimumVisualStudioVersion = 10.0.40219.1
Project("{9A19103F-16F7-4668-BE54-9A1E7A4F7556}") = "NLayer.Core", "NLayer.Core\NLayer.Core.csproj", "{C5DE7CF6-EB50-4D52-A957-F575592F6C5D}"
EndProject
Project("{9A19103F-16F7-4668-BE54-9A1E7A4F7556}") = "NLayer.Repository", "NLayer.Repository\NLayer.Repository.csproj", "{C7F6BB93-B5A6-47C3-9252-32339A377C60}"
EndProject
Project("{9A19103F-16F7-4668-BE54-9A1E7A4F7556}") = "NLayer.Service", "NLayer.Service\NLayer.Service.csproj", "{CEBF027D-E3D9-467C-85E6-502680B781F9}"
EndProject
Project("{9A19103F-16F7-4668-BE54-9A1E7A4F7556}") = "NLayer.Caching", "NLayer.Caching\NLayer.Caching.csproj", "{931B4888-BD25-4E23-8327-7A2194FA45A7}"
EndProject
Project("{FAE04EC0-301F-11D3-BF4B-00C04F79EFBC}") = "NLayer.WebNProject", "NLayer.WebNProject\NLayer.WebNProject.csproj", "{D93982CA-AA48-4A3C-99E0-651B8179E3EE}"
EndProject
Global
	GlobalSection(SolutionConfigurationPlatforms) = preSolution
		Debug|Any CPU = Debug|Any CPU
		Release|Any CPU = Release|Any CPU
	EndGlobalSection
	GlobalSection(ProjectConfigurationPlatforms) = postSolution
		{C5DE7CF6-EB50-4D52-A957-F575592F6C5D}.Debug|Any CPU.ActiveCfg = Debug|Any CPU
		{C5DE7CF6-EB50-4D52-A957-F575592F6C5D}.Debug|Any CPU.Build.0 = Debug|Any CPU
		{C5DE7CF6-EB50-4D52-A957-F575592F6C5D}.Release|Any CPU.ActiveCfg = Release|Any CPU
		{C5DE7CF6-EB50-4D52-A957-F575592F6C5D}.Release|Any CPU.Build.0 = Release|Any CPU
		{C7F6BB93-B5A6-47C3-9252-32339A377C60}.Debug|Any CPU.ActiveCfg = Debug|Any CPU
		{C7F6BB93-B5A6-47C3-9252-32339A377C60}.Debug|Any CPU.Build.0 = Debug|Any CPU
		{C7F6BB93-B5A6-47C3-9252-32339A377C60}.Release|Any CPU.ActiveCfg = Release|Any CPU
		{C7F6BB93-B5A6-47C3-9252-32339A377C60}.Release|Any CPU.Build.0 = Release|Any CPU
		{CEBF027D-E3D9-467C-85E6-502680B781F9}.Debug|Any CPU.ActiveCfg = Debug|Any CPU
		{CEBF027D-E3D9-467C-85E6-502680B781F9}.Debug|Any CPU.Build.0 = Debug|Any CPU
		{CEBF027D-E3D9-467C-85E6-502680B781F9}.Release|Any CPU.ActiveCfg = Release|Any CPU
		{CEBF027D-E3D9-467C-85E6-502680B781F9}.Release|Any CPU.Build.0 = Release|Any CPU
		{931B4888-BD25-4E23-8327-7A2194FA45A7}.Debug|Any CPU.ActiveCfg = Debug|Any CPU
		{931B4888-BD25-4E23-8327-7A2194FA45A7}.Debug|Any CPU.Build.0 = Debug|Any CPU
		{931B4888-BD25-4E23-8327-7A2194FA45A7}.Release|Any CPU.ActiveCfg = Release|Any CPU
		{931B4888-BD25-4E23-8327-7A2194FA45A7}.Release|Any CPU.Build.0 = Release|Any CPU
		{D93982CA-AA48-4A3C-99E0-651B8179E3EE}.Debug|Any CPU.ActiveCfg = Debug|Any CPU
		{D93982CA-AA48-4A3C-99E0-651B8179E3EE}.Debug|Any CPU.Build.0 = Debug|Any CPU
		{D93982CA-AA48-4A3C-99E0-651B8179E3EE}.Release|Any CPU.ActiveCfg = Release|Any CPU
		{D93982CA-AA48-4A3C-99E0-651B8179E3EE}.Release|Any CPU.Build.0 = Release|Any CPU
	EndGlobalSection
	GlobalSection(SolutionProperties) = preSolution
		HideSolutionNode = FALSE
	EndGlobalSection
	GlobalSection(ExtensibilityGlobals) = postSolution
		SolutionGuid = {E30BCEB3-9E19-4B00-9065-A47C59A687C6}
	EndGlobalSection
EndGlobal
